// !$*UTF8*$!
{
	archiveVersion = 1;
	classes = {
	};
	objectVersion = 56;
	objects = {

/* Begin PBXBuildFile section */
		736B79862BDFA12300355385 /* NavigationBarBackButtonTitleHiddenModifier.swift in Sources */ = {isa = PBXBuildFile; fileRef = 736B79852BDFA12300355385 /* NavigationBarBackButtonTitleHiddenModifier.swift */; };
		73E5BC1E2BE0213E00E12AD4 /* LottieHelper.swift in Sources */ = {isa = PBXBuildFile; fileRef = 73E5BC1D2BE0213E00E12AD4 /* LottieHelper.swift */; };
		73E5BC202BE0217400E12AD4 /* TransitionView.swift in Sources */ = {isa = PBXBuildFile; fileRef = 73E5BC1F2BE0217400E12AD4 /* TransitionView.swift */; };
		73E5BC232BE024A200E12AD4 /* BicepMultiView.swift in Sources */ = {isa = PBXBuildFile; fileRef = 73E5BC222BE024A200E12AD4 /* BicepMultiView.swift */; };
		73E5BC252BE024DE00E12AD4 /* MultiCameraWithPosesAndOverlaysView.swift in Sources */ = {isa = PBXBuildFile; fileRef = 73E5BC242BE024DE00E12AD4 /* MultiCameraWithPosesAndOverlaysView.swift */; };
		73E5BC272BE0272800E12AD4 /* JumpingMultiView.swift in Sources */ = {isa = PBXBuildFile; fileRef = 73E5BC262BE0272800E12AD4 /* JumpingMultiView.swift */; };
		73E5BC292BE0277800E12AD4 /* SquatMultiView.swift in Sources */ = {isa = PBXBuildFile; fileRef = 73E5BC282BE0277800E12AD4 /* SquatMultiView.swift */; };
		73E5BC2B2BE02F4E00E12AD4 /* ExerciseTransitionView.swift in Sources */ = {isa = PBXBuildFile; fileRef = 73E5BC2A2BE02F4E00E12AD4 /* ExerciseTransitionView.swift */; };
		8F136DFC2BDE6705008925F2 /* BicepCurlView.swift in Sources */ = {isa = PBXBuildFile; fileRef = 8F136DFB2BDE6705008925F2 /* BicepCurlView.swift */; };
		8F136DFE2BDE6900008925F2 /* SplashView.swift in Sources */ = {isa = PBXBuildFile; fileRef = 8F136DFD2BDE6900008925F2 /* SplashView.swift */; };
		8F136E012BDE6ADE008925F2 /* Lottie in Frameworks */ = {isa = PBXBuildFile; productRef = 8F136E002BDE6ADE008925F2 /* Lottie */; };
		8F136E062BDE6C8D008925F2 /* potatoPullUp.json in Resources */ = {isa = PBXBuildFile; fileRef = 8F136E052BDE6C8D008925F2 /* potatoPullUp.json */; };
		8F136E082BDE6E14008925F2 /* AnimationSplash.swift in Sources */ = {isa = PBXBuildFile; fileRef = 8F136E072BDE6E14008925F2 /* AnimationSplash.swift */; };
		8F171EE52BDFEFF700E7CE94 /* FloatersItem.swift in Sources */ = {isa = PBXBuildFile; fileRef = 8F171EE42BDFEFF700E7CE94 /* FloatersItem.swift */; };
		8F171EE72BE0135900E7CE94 /* FloatersView.swift in Sources */ = {isa = PBXBuildFile; fileRef = 8F171EE62BE0135900E7CE94 /* FloatersView.swift */; };
		8F62BA762BDE96DD0095E304 /* mclaren.mp3 in Resources */ = {isa = PBXBuildFile; fileRef = 8F62BA752BDE96DD0095E304 /* mclaren.mp3 */; };
		8F62BA782BDE97E80095E304 /* SoundManager.swift in Sources */ = {isa = PBXBuildFile; fileRef = 8F62BA772BDE97E80095E304 /* SoundManager.swift */; };
		8F62BA7A2BDE9ADD0095E304 /* MenuView.swift in Sources */ = {isa = PBXBuildFile; fileRef = 8F62BA792BDE9ADD0095E304 /* MenuView.swift */; };
		8F62BA7C2BDEA13E0095E304 /* SingleExerciseView.swift in Sources */ = {isa = PBXBuildFile; fileRef = 8F62BA7B2BDEA13E0095E304 /* SingleExerciseView.swift */; };
		8F62BA7E2BDEA15C0095E304 /* MultiExerciseView.swift in Sources */ = {isa = PBXBuildFile; fileRef = 8F62BA7D2BDEA15C0095E304 /* MultiExerciseView.swift */; };
		8F62BA842BDEA7350095E304 /* squat.gif in Resources */ = {isa = PBXBuildFile; fileRef = 8F62BA812BDEA7350095E304 /* squat.gif */; };
		8F62BA852BDEA7350095E304 /* bicepCurl.gif in Resources */ = {isa = PBXBuildFile; fileRef = 8F62BA822BDEA7350095E304 /* bicepCurl.gif */; };
		8F62BA862BDEA7350095E304 /* jumpingJack.gif in Resources */ = {isa = PBXBuildFile; fileRef = 8F62BA832BDEA7350095E304 /* jumpingJack.gif */; };
		8F62BA882BDEA77B0095E304 /* GifManager.swift in Sources */ = {isa = PBXBuildFile; fileRef = 8F62BA872BDEA77B0095E304 /* GifManager.swift */; };
		8F62BA8A2BDEAEE90095E304 /* SquatManager.swift in Sources */ = {isa = PBXBuildFile; fileRef = 8F62BA892BDEAEE90095E304 /* SquatManager.swift */; };
		8F62BA8C2BDEAEFB0095E304 /* SquatView.swift in Sources */ = {isa = PBXBuildFile; fileRef = 8F62BA8B2BDEAEFB0095E304 /* SquatView.swift */; };
		8F62BA8E2BDEB06D0095E304 /* BicepCurlManager.swift in Sources */ = {isa = PBXBuildFile; fileRef = 8F62BA8D2BDEB06D0095E304 /* BicepCurlManager.swift */; };
		8F62BA902BDEB30F0095E304 /* JumpingJackManager.swift in Sources */ = {isa = PBXBuildFile; fileRef = 8F62BA8F2BDEB30F0095E304 /* JumpingJackManager.swift */; };
		8F62BA922BDEB8590095E304 /* multiExercise.gif in Resources */ = {isa = PBXBuildFile; fileRef = 8F62BA912BDEB8590095E304 /* multiExercise.gif */; };
		8F62BA962BDEB9570095E304 /* MultiExerciseManager.swift in Sources */ = {isa = PBXBuildFile; fileRef = 8F62BA952BDEB9570095E304 /* MultiExerciseManager.swift */; };
		8F735D212BDFC8DC001AA032 /* StarAnimation.json in Resources */ = {isa = PBXBuildFile; fileRef = 8F735D202BDFC8DC001AA032 /* StarAnimation.json */; };
		8F735D232BDFC901001AA032 /* OverlayFeedbackFull.swift in Sources */ = {isa = PBXBuildFile; fileRef = 8F735D222BDFC901001AA032 /* OverlayFeedbackFull.swift */; };
		8FC027002BDE58AC00755C56 /* GymFunApp.swift in Sources */ = {isa = PBXBuildFile; fileRef = 8FC026FF2BDE58AC00755C56 /* GymFunApp.swift */; };
		8FC027022BDE58AC00755C56 /* ContentView.swift in Sources */ = {isa = PBXBuildFile; fileRef = 8FC027012BDE58AC00755C56 /* ContentView.swift */; };
		8FC027042BDE58AD00755C56 /* Assets.xcassets in Resources */ = {isa = PBXBuildFile; fileRef = 8FC027032BDE58AD00755C56 /* Assets.xcassets */; };
		8FC027072BDE58AD00755C56 /* Preview Assets.xcassets in Resources */ = {isa = PBXBuildFile; fileRef = 8FC027062BDE58AD00755C56 /* Preview Assets.xcassets */; };
		8FC0270F2BDE58DB00755C56 /* CameraView.swift in Sources */ = {isa = PBXBuildFile; fileRef = 8FC0270E2BDE58DB00755C56 /* CameraView.swift */; };
		8FC027132BDE593E00755C56 /* AsyncAlgorithms in Frameworks */ = {isa = PBXBuildFile; productRef = 8FC027122BDE593E00755C56 /* AsyncAlgorithms */; };
		8FC027152BDE595B00755C56 /* OverlayView.swift in Sources */ = {isa = PBXBuildFile; fileRef = 8FC027142BDE595B00755C56 /* OverlayView.swift */; };
		8FC027182BDE599900755C56 /* ActionCounter.swift in Sources */ = {isa = PBXBuildFile; fileRef = 8FC027172BDE599900755C56 /* ActionCounter.swift */; };
		8FC0271B2BDE59CE00755C56 /* Joint.swift in Sources */ = {isa = PBXBuildFile; fileRef = 8FC0271A2BDE59CE00755C56 /* Joint.swift */; };
		8FC0271D2BDE59DF00755C56 /* Connection.swift in Sources */ = {isa = PBXBuildFile; fileRef = 8FC0271C2BDE59DF00755C56 /* Connection.swift */; };
		8FC0271F2BDE59FB00755C56 /* Pose.swift in Sources */ = {isa = PBXBuildFile; fileRef = 8FC0271E2BDE59FB00755C56 /* Pose.swift */; };
		8FC027212BDE5A3D00755C56 /* PosesView.swift in Sources */ = {isa = PBXBuildFile; fileRef = 8FC027202BDE5A3D00755C56 /* PosesView.swift */; };
		8FC027262BDE5A7B00755C56 /* ViewModel.swift in Sources */ = {isa = PBXBuildFile; fileRef = 8FC027252BDE5A7B00755C56 /* ViewModel.swift */; };
		8FC027282BDE5AAC00755C56 /* CameraWithPosesAndOverlaysView.swift in Sources */ = {isa = PBXBuildFile; fileRef = 8FC027272BDE5AAC00755C56 /* CameraWithPosesAndOverlaysView.swift */; };
		8FE4F5CE2BDF1E520037D23C /* sepuh.mp3 in Resources */ = {isa = PBXBuildFile; fileRef = 8FE4F5CD2BDF1E520037D23C /* sepuh.mp3 */; };
		8FE4F5D02BDF2D220037D23C /* 321go.mp3 in Resources */ = {isa = PBXBuildFile; fileRef = 8FE4F5CF2BDF2D220037D23C /* 321go.mp3 */; };
		8FE4F5D22BDF2D340037D23C /* StartView.swift in Sources */ = {isa = PBXBuildFile; fileRef = 8FE4F5D12BDF2D340037D23C /* StartView.swift */; };
		8FE4F5D62BDF34930037D23C /* squat_clean.gif in Resources */ = {isa = PBXBuildFile; fileRef = 8FE4F5D32BDF34930037D23C /* squat_clean.gif */; };
		8FE4F5D72BDF34930037D23C /* bicepCurl_clean.gif in Resources */ = {isa = PBXBuildFile; fileRef = 8FE4F5D42BDF34930037D23C /* bicepCurl_clean.gif */; };
		8FE4F5D82BDF34930037D23C /* jumpingJack_clean.gif in Resources */ = {isa = PBXBuildFile; fileRef = 8FE4F5D52BDF34930037D23C /* jumpingJack_clean.gif */; };
		8FE4F5DA2BDF36CF0037D23C /* bicepCurl_orange.gif in Resources */ = {isa = PBXBuildFile; fileRef = 8FE4F5D92BDF36CF0037D23C /* bicepCurl_orange.gif */; };
		8FE4F5DD2BDF3B760037D23C /* jumpingJack_orange.gif in Resources */ = {isa = PBXBuildFile; fileRef = 8FE4F5DB2BDF3B760037D23C /* jumpingJack_orange.gif */; };
		8FE4F5DE2BDF3B760037D23C /* squat_orange.gif in Resources */ = {isa = PBXBuildFile; fileRef = 8FE4F5DC2BDF3B760037D23C /* squat_orange.gif */; };
		8FE4F5E02BDF3BAB0037D23C /* JumpingJackView.swift in Sources */ = {isa = PBXBuildFile; fileRef = 8FE4F5DF2BDF3BAB0037D23C /* JumpingJackView.swift */; };
		8FE4F5E82BDF4DE80037D23C /* CongratulationView.swift in Sources */ = {isa = PBXBuildFile; fileRef = 8FE4F5E72BDF4DE80037D23C /* CongratulationView.swift */; };
		8FE4F5EA2BDF4E3E0037D23C /* congratulation_guy.mp4 in Resources */ = {isa = PBXBuildFile; fileRef = 8FE4F5E92BDF4E3E0037D23C /* congratulation_guy.mp4 */; };
		8FE4F5EC2BDF4F1E0037D23C /* VideoManager.swift in Sources */ = {isa = PBXBuildFile; fileRef = 8FE4F5EB2BDF4F1E0037D23C /* VideoManager.swift */; };
/* End PBXBuildFile section */

/* Begin PBXFileReference section */
		736B79852BDFA12300355385 /* NavigationBarBackButtonTitleHiddenModifier.swift */ = {isa = PBXFileReference; lastKnownFileType = sourcecode.swift; path = NavigationBarBackButtonTitleHiddenModifier.swift; sourceTree = "<group>"; };
		73E5BC1D2BE0213E00E12AD4 /* LottieHelper.swift */ = {isa = PBXFileReference; lastKnownFileType = sourcecode.swift; path = LottieHelper.swift; sourceTree = "<group>"; };
		73E5BC1F2BE0217400E12AD4 /* TransitionView.swift */ = {isa = PBXFileReference; lastKnownFileType = sourcecode.swift; path = TransitionView.swift; sourceTree = "<group>"; };
		73E5BC222BE024A200E12AD4 /* BicepMultiView.swift */ = {isa = PBXFileReference; lastKnownFileType = sourcecode.swift; path = BicepMultiView.swift; sourceTree = "<group>"; };
		73E5BC242BE024DE00E12AD4 /* MultiCameraWithPosesAndOverlaysView.swift */ = {isa = PBXFileReference; lastKnownFileType = sourcecode.swift; path = MultiCameraWithPosesAndOverlaysView.swift; sourceTree = "<group>"; };
		73E5BC262BE0272800E12AD4 /* JumpingMultiView.swift */ = {isa = PBXFileReference; lastKnownFileType = sourcecode.swift; path = JumpingMultiView.swift; sourceTree = "<group>"; };
		73E5BC282BE0277800E12AD4 /* SquatMultiView.swift */ = {isa = PBXFileReference; lastKnownFileType = sourcecode.swift; path = SquatMultiView.swift; sourceTree = "<group>"; };
		73E5BC2A2BE02F4E00E12AD4 /* ExerciseTransitionView.swift */ = {isa = PBXFileReference; lastKnownFileType = sourcecode.swift; path = ExerciseTransitionView.swift; sourceTree = "<group>"; };
		8F136DFB2BDE6705008925F2 /* BicepCurlView.swift */ = {isa = PBXFileReference; lastKnownFileType = sourcecode.swift; path = BicepCurlView.swift; sourceTree = "<group>"; };
		8F136DFD2BDE6900008925F2 /* SplashView.swift */ = {isa = PBXFileReference; lastKnownFileType = sourcecode.swift; path = SplashView.swift; sourceTree = "<group>"; };
		8F136E052BDE6C8D008925F2 /* potatoPullUp.json */ = {isa = PBXFileReference; fileEncoding = 4; lastKnownFileType = text.json; path = potatoPullUp.json; sourceTree = "<group>"; };
		8F136E072BDE6E14008925F2 /* AnimationSplash.swift */ = {isa = PBXFileReference; lastKnownFileType = sourcecode.swift; path = AnimationSplash.swift; sourceTree = "<group>"; };
		8F171EE42BDFEFF700E7CE94 /* FloatersItem.swift */ = {isa = PBXFileReference; lastKnownFileType = sourcecode.swift; path = FloatersItem.swift; sourceTree = "<group>"; };
		8F171EE62BE0135900E7CE94 /* FloatersView.swift */ = {isa = PBXFileReference; lastKnownFileType = sourcecode.swift; path = FloatersView.swift; sourceTree = "<group>"; };
		8F62BA752BDE96DD0095E304 /* mclaren.mp3 */ = {isa = PBXFileReference; lastKnownFileType = audio.mp3; path = mclaren.mp3; sourceTree = "<group>"; };
		8F62BA772BDE97E80095E304 /* SoundManager.swift */ = {isa = PBXFileReference; lastKnownFileType = sourcecode.swift; path = SoundManager.swift; sourceTree = "<group>"; };
		8F62BA792BDE9ADD0095E304 /* MenuView.swift */ = {isa = PBXFileReference; lastKnownFileType = sourcecode.swift; path = MenuView.swift; sourceTree = "<group>"; };
		8F62BA7B2BDEA13E0095E304 /* SingleExerciseView.swift */ = {isa = PBXFileReference; lastKnownFileType = sourcecode.swift; path = SingleExerciseView.swift; sourceTree = "<group>"; };
		8F62BA7D2BDEA15C0095E304 /* MultiExerciseView.swift */ = {isa = PBXFileReference; lastKnownFileType = sourcecode.swift; path = MultiExerciseView.swift; sourceTree = "<group>"; };
		8F62BA812BDEA7350095E304 /* squat.gif */ = {isa = PBXFileReference; lastKnownFileType = image.gif; path = squat.gif; sourceTree = "<group>"; };
		8F62BA822BDEA7350095E304 /* bicepCurl.gif */ = {isa = PBXFileReference; lastKnownFileType = image.gif; path = bicepCurl.gif; sourceTree = "<group>"; };
		8F62BA832BDEA7350095E304 /* jumpingJack.gif */ = {isa = PBXFileReference; lastKnownFileType = image.gif; path = jumpingJack.gif; sourceTree = "<group>"; };
		8F62BA872BDEA77B0095E304 /* GifManager.swift */ = {isa = PBXFileReference; lastKnownFileType = sourcecode.swift; path = GifManager.swift; sourceTree = "<group>"; };
		8F62BA892BDEAEE90095E304 /* SquatManager.swift */ = {isa = PBXFileReference; lastKnownFileType = sourcecode.swift; path = SquatManager.swift; sourceTree = "<group>"; };
		8F62BA8B2BDEAEFB0095E304 /* SquatView.swift */ = {isa = PBXFileReference; lastKnownFileType = sourcecode.swift; path = SquatView.swift; sourceTree = "<group>"; };
		8F62BA8D2BDEB06D0095E304 /* BicepCurlManager.swift */ = {isa = PBXFileReference; lastKnownFileType = sourcecode.swift; path = BicepCurlManager.swift; sourceTree = "<group>"; };
		8F62BA8F2BDEB30F0095E304 /* JumpingJackManager.swift */ = {isa = PBXFileReference; lastKnownFileType = sourcecode.swift; path = JumpingJackManager.swift; sourceTree = "<group>"; };
		8F62BA912BDEB8590095E304 /* multiExercise.gif */ = {isa = PBXFileReference; lastKnownFileType = image.gif; path = multiExercise.gif; sourceTree = "<group>"; };
		8F62BA952BDEB9570095E304 /* MultiExerciseManager.swift */ = {isa = PBXFileReference; lastKnownFileType = sourcecode.swift; path = MultiExerciseManager.swift; sourceTree = "<group>"; };
		8F735D202BDFC8DC001AA032 /* StarAnimation.json */ = {isa = PBXFileReference; fileEncoding = 4; lastKnownFileType = text.json; path = StarAnimation.json; sourceTree = "<group>"; };
		8F735D222BDFC901001AA032 /* OverlayFeedbackFull.swift */ = {isa = PBXFileReference; lastKnownFileType = sourcecode.swift; path = OverlayFeedbackFull.swift; sourceTree = "<group>"; };
		8FC026FC2BDE58AC00755C56 /* GymFun.app */ = {isa = PBXFileReference; explicitFileType = wrapper.application; includeInIndex = 0; path = GymFun.app; sourceTree = BUILT_PRODUCTS_DIR; };
		8FC026FF2BDE58AC00755C56 /* GymFunApp.swift */ = {isa = PBXFileReference; lastKnownFileType = sourcecode.swift; path = GymFunApp.swift; sourceTree = "<group>"; };
		8FC027012BDE58AC00755C56 /* ContentView.swift */ = {isa = PBXFileReference; lastKnownFileType = sourcecode.swift; path = ContentView.swift; sourceTree = "<group>"; };
		8FC027032BDE58AD00755C56 /* Assets.xcassets */ = {isa = PBXFileReference; lastKnownFileType = folder.assetcatalog; path = Assets.xcassets; sourceTree = "<group>"; };
		8FC027062BDE58AD00755C56 /* Preview Assets.xcassets */ = {isa = PBXFileReference; lastKnownFileType = folder.assetcatalog; path = "Preview Assets.xcassets"; sourceTree = "<group>"; };
		8FC0270E2BDE58DB00755C56 /* CameraView.swift */ = {isa = PBXFileReference; lastKnownFileType = sourcecode.swift; path = CameraView.swift; sourceTree = "<group>"; };
		8FC027102BDE58F400755C56 /* Info.plist */ = {isa = PBXFileReference; lastKnownFileType = text.plist; path = Info.plist; sourceTree = "<group>"; };
		8FC027142BDE595B00755C56 /* OverlayView.swift */ = {isa = PBXFileReference; lastKnownFileType = sourcecode.swift; path = OverlayView.swift; sourceTree = "<group>"; };
		8FC027172BDE599900755C56 /* ActionCounter.swift */ = {isa = PBXFileReference; lastKnownFileType = sourcecode.swift; path = ActionCounter.swift; sourceTree = "<group>"; };
		8FC0271A2BDE59CE00755C56 /* Joint.swift */ = {isa = PBXFileReference; lastKnownFileType = sourcecode.swift; path = Joint.swift; sourceTree = "<group>"; };
		8FC0271C2BDE59DF00755C56 /* Connection.swift */ = {isa = PBXFileReference; lastKnownFileType = sourcecode.swift; path = Connection.swift; sourceTree = "<group>"; };
		8FC0271E2BDE59FB00755C56 /* Pose.swift */ = {isa = PBXFileReference; lastKnownFileType = sourcecode.swift; path = Pose.swift; sourceTree = "<group>"; };
		8FC027202BDE5A3D00755C56 /* PosesView.swift */ = {isa = PBXFileReference; lastKnownFileType = sourcecode.swift; path = PosesView.swift; sourceTree = "<group>"; };
		8FC027252BDE5A7B00755C56 /* ViewModel.swift */ = {isa = PBXFileReference; lastKnownFileType = sourcecode.swift; path = ViewModel.swift; sourceTree = "<group>"; };
		8FC027272BDE5AAC00755C56 /* CameraWithPosesAndOverlaysView.swift */ = {isa = PBXFileReference; lastKnownFileType = sourcecode.swift; path = CameraWithPosesAndOverlaysView.swift; sourceTree = "<group>"; };
		8FE4F5CD2BDF1E520037D23C /* sepuh.mp3 */ = {isa = PBXFileReference; lastKnownFileType = audio.mp3; path = sepuh.mp3; sourceTree = "<group>"; };
		8FE4F5CF2BDF2D220037D23C /* 321go.mp3 */ = {isa = PBXFileReference; lastKnownFileType = audio.mp3; path = 321go.mp3; sourceTree = "<group>"; };
		8FE4F5D12BDF2D340037D23C /* StartView.swift */ = {isa = PBXFileReference; lastKnownFileType = sourcecode.swift; path = StartView.swift; sourceTree = "<group>"; };
		8FE4F5D32BDF34930037D23C /* squat_clean.gif */ = {isa = PBXFileReference; lastKnownFileType = image.gif; path = squat_clean.gif; sourceTree = "<group>"; };
		8FE4F5D42BDF34930037D23C /* bicepCurl_clean.gif */ = {isa = PBXFileReference; lastKnownFileType = image.gif; path = bicepCurl_clean.gif; sourceTree = "<group>"; };
		8FE4F5D52BDF34930037D23C /* jumpingJack_clean.gif */ = {isa = PBXFileReference; lastKnownFileType = image.gif; path = jumpingJack_clean.gif; sourceTree = "<group>"; };
		8FE4F5D92BDF36CF0037D23C /* bicepCurl_orange.gif */ = {isa = PBXFileReference; lastKnownFileType = image.gif; path = bicepCurl_orange.gif; sourceTree = "<group>"; };
		8FE4F5DB2BDF3B760037D23C /* jumpingJack_orange.gif */ = {isa = PBXFileReference; lastKnownFileType = image.gif; path = jumpingJack_orange.gif; sourceTree = "<group>"; };
		8FE4F5DC2BDF3B760037D23C /* squat_orange.gif */ = {isa = PBXFileReference; lastKnownFileType = image.gif; path = squat_orange.gif; sourceTree = "<group>"; };
		8FE4F5DF2BDF3BAB0037D23C /* JumpingJackView.swift */ = {isa = PBXFileReference; lastKnownFileType = sourcecode.swift; path = JumpingJackView.swift; sourceTree = "<group>"; };
		8FE4F5E72BDF4DE80037D23C /* CongratulationView.swift */ = {isa = PBXFileReference; lastKnownFileType = sourcecode.swift; path = CongratulationView.swift; sourceTree = "<group>"; };
		8FE4F5E92BDF4E3E0037D23C /* congratulation_guy.mp4 */ = {isa = PBXFileReference; lastKnownFileType = file; path = congratulation_guy.mp4; sourceTree = "<group>"; };
		8FE4F5EB2BDF4F1E0037D23C /* VideoManager.swift */ = {isa = PBXFileReference; lastKnownFileType = sourcecode.swift; path = VideoManager.swift; sourceTree = "<group>"; };
/* End PBXFileReference section */

/* Begin PBXFrameworksBuildPhase section */
		8FC026F92BDE58AC00755C56 /* Frameworks */ = {
			isa = PBXFrameworksBuildPhase;
			buildActionMask = 2147483647;
			files = (
				8FC027132BDE593E00755C56 /* AsyncAlgorithms in Frameworks */,
				8F136E012BDE6ADE008925F2 /* Lottie in Frameworks */,
			);
			runOnlyForDeploymentPostprocessing = 0;
		};
/* End PBXFrameworksBuildPhase section */

/* Begin PBXGroup section */
		736B79872BDFA13000355385 /* Utility */ = {
			isa = PBXGroup;
			children = (
				736B79852BDFA12300355385 /* NavigationBarBackButtonTitleHiddenModifier.swift */,
				73E5BC1D2BE0213E00E12AD4 /* LottieHelper.swift */,
			);
			path = Utility;
			sourceTree = "<group>";
		};
		73E5BC212BE0249100E12AD4 /* Multi */ = {
			isa = PBXGroup;
			children = (
				73E5BC222BE024A200E12AD4 /* BicepMultiView.swift */,
				73E5BC242BE024DE00E12AD4 /* MultiCameraWithPosesAndOverlaysView.swift */,
				73E5BC262BE0272800E12AD4 /* JumpingMultiView.swift */,
				73E5BC282BE0277800E12AD4 /* SquatMultiView.swift */,
				73E5BC2A2BE02F4E00E12AD4 /* ExerciseTransitionView.swift */,
			);
			path = Multi;
			sourceTree = "<group>";
		};
		8F136E022BDE6C1B008925F2 /* LottieFiles */ = {
			isa = PBXGroup;
			children = (
				8F735D202BDFC8DC001AA032 /* StarAnimation.json */,
				8F136E052BDE6C8D008925F2 /* potatoPullUp.json */,
			);
			path = LottieFiles;
			sourceTree = "<group>";
		};
		8F62BA742BDE95D20095E304 /* Sounds */ = {
			isa = PBXGroup;
			children = (
				8FE4F5CF2BDF2D220037D23C /* 321go.mp3 */,
				8FE4F5CD2BDF1E520037D23C /* sepuh.mp3 */,
				8F62BA752BDE96DD0095E304 /* mclaren.mp3 */,
				8F62BA772BDE97E80095E304 /* SoundManager.swift */,
			);
			path = Sounds;
			sourceTree = "<group>";
		};
		8F62BA802BDEA7270095E304 /* Gifs */ = {
			isa = PBXGroup;
			children = (
				8F62BA912BDEB8590095E304 /* multiExercise.gif */,
				8FE4F5DB2BDF3B760037D23C /* jumpingJack_orange.gif */,
				8FE4F5DC2BDF3B760037D23C /* squat_orange.gif */,
				8FE4F5D42BDF34930037D23C /* bicepCurl_clean.gif */,
				8FE4F5D52BDF34930037D23C /* jumpingJack_clean.gif */,
				8FE4F5D92BDF36CF0037D23C /* bicepCurl_orange.gif */,
				8FE4F5D32BDF34930037D23C /* squat_clean.gif */,
				8F62BA822BDEA7350095E304 /* bicepCurl.gif */,
				8F62BA832BDEA7350095E304 /* jumpingJack.gif */,
				8F62BA812BDEA7350095E304 /* squat.gif */,
				8F62BA872BDEA77B0095E304 /* GifManager.swift */,
			);
			path = Gifs;
			sourceTree = "<group>";
		};
		8FC026F32BDE58AC00755C56 = {
			isa = PBXGroup;
			children = (
				8FC026FE2BDE58AC00755C56 /* GymFun */,
				8FC026FD2BDE58AC00755C56 /* Products */,
			);
			sourceTree = "<group>";
		};
		8FC026FD2BDE58AC00755C56 /* Products */ = {
			isa = PBXGroup;
			children = (
				8FC026FC2BDE58AC00755C56 /* GymFun.app */,
			);
			name = Products;
			sourceTree = "<group>";
		};
		8FC026FE2BDE58AC00755C56 /* GymFun */ = {
			isa = PBXGroup;
			children = (
				736B79872BDFA13000355385 /* Utility */,
				8FE4F5E42BDF4DC30037D23C /* Videos */,
				8F62BA802BDEA7270095E304 /* Gifs */,
				8F62BA742BDE95D20095E304 /* Sounds */,
				8F136E022BDE6C1B008925F2 /* LottieFiles */,
				8FC027222BDE5A5500755C56 /* Model */,
				8FC027192BDE59BC00755C56 /* DrawPose */,
				8FC027162BDE598900755C56 /* CountingPipeline */,
				8FC0270D2BDE58CF00755C56 /* Views */,
				8FC026FF2BDE58AC00755C56 /* GymFunApp.swift */,
				8FC027102BDE58F400755C56 /* Info.plist */,
				8FC027012BDE58AC00755C56 /* ContentView.swift */,
				8FC027032BDE58AD00755C56 /* Assets.xcassets */,
				8FC027052BDE58AD00755C56 /* Preview Content */,
			);
			path = GymFun;
			sourceTree = "<group>";
		};
		8FC027052BDE58AD00755C56 /* Preview Content */ = {
			isa = PBXGroup;
			children = (
				8FC027062BDE58AD00755C56 /* Preview Assets.xcassets */,
			);
			path = "Preview Content";
			sourceTree = "<group>";
		};
		8FC0270D2BDE58CF00755C56 /* Views */ = {
			isa = PBXGroup;
			children = (
				73E5BC212BE0249100E12AD4 /* Multi */,
				8FC0270E2BDE58DB00755C56 /* CameraView.swift */,
				8FC027142BDE595B00755C56 /* OverlayView.swift */,
				8FC027202BDE5A3D00755C56 /* PosesView.swift */,
				8FC027272BDE5AAC00755C56 /* CameraWithPosesAndOverlaysView.swift */,
				8F136DFB2BDE6705008925F2 /* BicepCurlView.swift */,
				8F136DFD2BDE6900008925F2 /* SplashView.swift */,
				8F136E072BDE6E14008925F2 /* AnimationSplash.swift */,
				8F62BA792BDE9ADD0095E304 /* MenuView.swift */,
				8F62BA7B2BDEA13E0095E304 /* SingleExerciseView.swift */,
				8F62BA7D2BDEA15C0095E304 /* MultiExerciseView.swift */,
				8F62BA892BDEAEE90095E304 /* SquatManager.swift */,
				8F62BA8B2BDEAEFB0095E304 /* SquatView.swift */,
				8F62BA8D2BDEB06D0095E304 /* BicepCurlManager.swift */,
				8F62BA8F2BDEB30F0095E304 /* JumpingJackManager.swift */,
				8F62BA952BDEB9570095E304 /* MultiExerciseManager.swift */,
				8FE4F5D12BDF2D340037D23C /* StartView.swift */,
				8FE4F5DF2BDF3BAB0037D23C /* JumpingJackView.swift */,
				8FE4F5E72BDF4DE80037D23C /* CongratulationView.swift */,
				8F735D222BDFC901001AA032 /* OverlayFeedbackFull.swift */,
				8F171EE42BDFEFF700E7CE94 /* FloatersItem.swift */,
				8F171EE62BE0135900E7CE94 /* FloatersView.swift */,
				73E5BC1F2BE0217400E12AD4 /* TransitionView.swift */,
			);
			path = Views;
			sourceTree = "<group>";
		};
		8FC027162BDE598900755C56 /* CountingPipeline */ = {
			isa = PBXGroup;
			children = (
				8FC027172BDE599900755C56 /* ActionCounter.swift */,
			);
			path = CountingPipeline;
			sourceTree = "<group>";
		};
		8FC027192BDE59BC00755C56 /* DrawPose */ = {
			isa = PBXGroup;
			children = (
				8FC0271A2BDE59CE00755C56 /* Joint.swift */,
				8FC0271C2BDE59DF00755C56 /* Connection.swift */,
				8FC0271E2BDE59FB00755C56 /* Pose.swift */,
			);
			path = DrawPose;
			sourceTree = "<group>";
		};
		8FC027222BDE5A5500755C56 /* Model */ = {
			isa = PBXGroup;
			children = (
				8FC027252BDE5A7B00755C56 /* ViewModel.swift */,
			);
			path = Model;
			sourceTree = "<group>";
		};
		8FE4F5E42BDF4DC30037D23C /* Videos */ = {
			isa = PBXGroup;
			children = (
				8FE4F5E92BDF4E3E0037D23C /* congratulation_guy.mp4 */,
				8FE4F5EB2BDF4F1E0037D23C /* VideoManager.swift */,
			);
			path = Videos;
			sourceTree = "<group>";
		};
/* End PBXGroup section */

/* Begin PBXNativeTarget section */
		8FC026FB2BDE58AC00755C56 /* GymFun */ = {
			isa = PBXNativeTarget;
			buildConfigurationList = 8FC0270A2BDE58AD00755C56 /* Build configuration list for PBXNativeTarget "GymFun" */;
			buildPhases = (
				8FC026F82BDE58AC00755C56 /* Sources */,
				8FC026F92BDE58AC00755C56 /* Frameworks */,
				8FC026FA2BDE58AC00755C56 /* Resources */,
			);
			buildRules = (
			);
			dependencies = (
			);
			name = GymFun;
			packageProductDependencies = (
				8FC027122BDE593E00755C56 /* AsyncAlgorithms */,
				8F136E002BDE6ADE008925F2 /* Lottie */,
			);
			productName = GymFun;
			productReference = 8FC026FC2BDE58AC00755C56 /* GymFun.app */;
			productType = "com.apple.product-type.application";
		};
/* End PBXNativeTarget section */

/* Begin PBXProject section */
		8FC026F42BDE58AC00755C56 /* Project object */ = {
			isa = PBXProject;
			attributes = {
				BuildIndependentTargetsInParallel = 1;
				LastSwiftUpdateCheck = 1530;
				LastUpgradeCheck = 1530;
				TargetAttributes = {
					8FC026FB2BDE58AC00755C56 = {
						CreatedOnToolsVersion = 15.3;
					};
				};
			};
			buildConfigurationList = 8FC026F72BDE58AC00755C56 /* Build configuration list for PBXProject "GymFun" */;
			compatibilityVersion = "Xcode 14.0";
			developmentRegion = en;
			hasScannedForEncodings = 0;
			knownRegions = (
				en,
				Base,
			);
			mainGroup = 8FC026F32BDE58AC00755C56;
			packageReferences = (
				8FC027112BDE593E00755C56 /* XCRemoteSwiftPackageReference "swift-async-algorithms" */,
				8F136DFF2BDE6ADE008925F2 /* XCRemoteSwiftPackageReference "lottie-ios" */,
			);
			productRefGroup = 8FC026FD2BDE58AC00755C56 /* Products */;
			projectDirPath = "";
			projectRoot = "";
			targets = (
				8FC026FB2BDE58AC00755C56 /* GymFun */,
			);
		};
/* End PBXProject section */

/* Begin PBXResourcesBuildPhase section */
		8FC026FA2BDE58AC00755C56 /* Resources */ = {
			isa = PBXResourcesBuildPhase;
			buildActionMask = 2147483647;
			files = (
				8F62BA922BDEB8590095E304 /* multiExercise.gif in Resources */,
				8FE4F5DD2BDF3B760037D23C /* jumpingJack_orange.gif in Resources */,
				8FE4F5CE2BDF1E520037D23C /* sepuh.mp3 in Resources */,
				8FC027072BDE58AD00755C56 /* Preview Assets.xcassets in Resources */,
				8FE4F5D62BDF34930037D23C /* squat_clean.gif in Resources */,
				8FE4F5D82BDF34930037D23C /* jumpingJack_clean.gif in Resources */,
				8F735D212BDFC8DC001AA032 /* StarAnimation.json in Resources */,
				8FE4F5D02BDF2D220037D23C /* 321go.mp3 in Resources */,
				8F62BA842BDEA7350095E304 /* squat.gif in Resources */,
				8FE4F5D72BDF34930037D23C /* bicepCurl_clean.gif in Resources */,
				8FE4F5DA2BDF36CF0037D23C /* bicepCurl_orange.gif in Resources */,
				8FE4F5EA2BDF4E3E0037D23C /* congratulation_guy.mp4 in Resources */,
				8FC027042BDE58AD00755C56 /* Assets.xcassets in Resources */,
				8F136E062BDE6C8D008925F2 /* potatoPullUp.json in Resources */,
				8F62BA852BDEA7350095E304 /* bicepCurl.gif in Resources */,
				8FE4F5DE2BDF3B760037D23C /* squat_orange.gif in Resources */,
				8F62BA862BDEA7350095E304 /* jumpingJack.gif in Resources */,
				8F62BA762BDE96DD0095E304 /* mclaren.mp3 in Resources */,
			);
			runOnlyForDeploymentPostprocessing = 0;
		};
/* End PBXResourcesBuildPhase section */

/* Begin PBXSourcesBuildPhase section */
		8FC026F82BDE58AC00755C56 /* Sources */ = {
			isa = PBXSourcesBuildPhase;
			buildActionMask = 2147483647;
			files = (
				8FC027262BDE5A7B00755C56 /* ViewModel.swift in Sources */,
				8FE4F5E82BDF4DE80037D23C /* CongratulationView.swift in Sources */,
				8FE4F5D22BDF2D340037D23C /* StartView.swift in Sources */,
				8FE4F5EC2BDF4F1E0037D23C /* VideoManager.swift in Sources */,
				8F136E082BDE6E14008925F2 /* AnimationSplash.swift in Sources */,
				8FC027182BDE599900755C56 /* ActionCounter.swift in Sources */,
				8FC0270F2BDE58DB00755C56 /* CameraView.swift in Sources */,
				8FC0271B2BDE59CE00755C56 /* Joint.swift in Sources */,
				8F171EE72BE0135900E7CE94 /* FloatersView.swift in Sources */,
				73E5BC232BE024A200E12AD4 /* BicepMultiView.swift in Sources */,
				8FC027212BDE5A3D00755C56 /* PosesView.swift in Sources */,
				8FC027152BDE595B00755C56 /* OverlayView.swift in Sources */,
				8FC0271F2BDE59FB00755C56 /* Pose.swift in Sources */,
				8FC027282BDE5AAC00755C56 /* CameraWithPosesAndOverlaysView.swift in Sources */,
				8F62BA902BDEB30F0095E304 /* JumpingJackManager.swift in Sources */,
				736B79862BDFA12300355385 /* NavigationBarBackButtonTitleHiddenModifier.swift in Sources */,
				8F62BA8C2BDEAEFB0095E304 /* SquatView.swift in Sources */,
				8F62BA7A2BDE9ADD0095E304 /* MenuView.swift in Sources */,
				73E5BC202BE0217400E12AD4 /* TransitionView.swift in Sources */,
				8F62BA8E2BDEB06D0095E304 /* BicepCurlManager.swift in Sources */,
				8F62BA7E2BDEA15C0095E304 /* MultiExerciseView.swift in Sources */,
				73E5BC272BE0272800E12AD4 /* JumpingMultiView.swift in Sources */,
				73E5BC252BE024DE00E12AD4 /* MultiCameraWithPosesAndOverlaysView.swift in Sources */,
				8F136DFE2BDE6900008925F2 /* SplashView.swift in Sources */,
				73E5BC2B2BE02F4E00E12AD4 /* ExerciseTransitionView.swift in Sources */,
				8FC027022BDE58AC00755C56 /* ContentView.swift in Sources */,
				73E5BC1E2BE0213E00E12AD4 /* LottieHelper.swift in Sources */,
				8FC027002BDE58AC00755C56 /* GymFunApp.swift in Sources */,
				73E5BC292BE0277800E12AD4 /* SquatMultiView.swift in Sources */,
				8F62BA8A2BDEAEE90095E304 /* SquatManager.swift in Sources */,
				8F136DFC2BDE6705008925F2 /* BicepCurlView.swift in Sources */,
				8F62BA962BDEB9570095E304 /* MultiExerciseManager.swift in Sources */,
				8F62BA882BDEA77B0095E304 /* GifManager.swift in Sources */,
				8F62BA7C2BDEA13E0095E304 /* SingleExerciseView.swift in Sources */,
				8F735D232BDFC901001AA032 /* OverlayFeedbackFull.swift in Sources */,
				8F171EE52BDFEFF700E7CE94 /* FloatersItem.swift in Sources */,
				8FC0271D2BDE59DF00755C56 /* Connection.swift in Sources */,
				8FE4F5E02BDF3BAB0037D23C /* JumpingJackView.swift in Sources */,
				8F62BA782BDE97E80095E304 /* SoundManager.swift in Sources */,
			);
			runOnlyForDeploymentPostprocessing = 0;
		};
/* End PBXSourcesBuildPhase section */

/* Begin XCBuildConfiguration section */
		8FC027082BDE58AD00755C56 /* Debug */ = {
			isa = XCBuildConfiguration;
			buildSettings = {
				ALWAYS_SEARCH_USER_PATHS = NO;
				ASSETCATALOG_COMPILER_GENERATE_SWIFT_ASSET_SYMBOL_EXTENSIONS = YES;
				CLANG_ANALYZER_NONNULL = YES;
				CLANG_ANALYZER_NUMBER_OBJECT_CONVERSION = YES_AGGRESSIVE;
				CLANG_CXX_LANGUAGE_STANDARD = "gnu++20";
				CLANG_ENABLE_MODULES = YES;
				CLANG_ENABLE_OBJC_ARC = YES;
				CLANG_ENABLE_OBJC_WEAK = YES;
				CLANG_WARN_BLOCK_CAPTURE_AUTORELEASING = YES;
				CLANG_WARN_BOOL_CONVERSION = YES;
				CLANG_WARN_COMMA = YES;
				CLANG_WARN_CONSTANT_CONVERSION = YES;
				CLANG_WARN_DEPRECATED_OBJC_IMPLEMENTATIONS = YES;
				CLANG_WARN_DIRECT_OBJC_ISA_USAGE = YES_ERROR;
				CLANG_WARN_DOCUMENTATION_COMMENTS = YES;
				CLANG_WARN_EMPTY_BODY = YES;
				CLANG_WARN_ENUM_CONVERSION = YES;
				CLANG_WARN_INFINITE_RECURSION = YES;
				CLANG_WARN_INT_CONVERSION = YES;
				CLANG_WARN_NON_LITERAL_NULL_CONVERSION = YES;
				CLANG_WARN_OBJC_IMPLICIT_RETAIN_SELF = YES;
				CLANG_WARN_OBJC_LITERAL_CONVERSION = YES;
				CLANG_WARN_OBJC_ROOT_CLASS = YES_ERROR;
				CLANG_WARN_QUOTED_INCLUDE_IN_FRAMEWORK_HEADER = YES;
				CLANG_WARN_RANGE_LOOP_ANALYSIS = YES;
				CLANG_WARN_STRICT_PROTOTYPES = YES;
				CLANG_WARN_SUSPICIOUS_MOVE = YES;
				CLANG_WARN_UNGUARDED_AVAILABILITY = YES_AGGRESSIVE;
				CLANG_WARN_UNREACHABLE_CODE = YES;
				CLANG_WARN__DUPLICATE_METHOD_MATCH = YES;
				COPY_PHASE_STRIP = NO;
				DEBUG_INFORMATION_FORMAT = dwarf;
				ENABLE_STRICT_OBJC_MSGSEND = YES;
				ENABLE_TESTABILITY = YES;
				ENABLE_USER_SCRIPT_SANDBOXING = YES;
				GCC_C_LANGUAGE_STANDARD = gnu17;
				GCC_DYNAMIC_NO_PIC = NO;
				GCC_NO_COMMON_BLOCKS = YES;
				GCC_OPTIMIZATION_LEVEL = 0;
				GCC_PREPROCESSOR_DEFINITIONS = (
					"DEBUG=1",
					"$(inherited)",
				);
				GCC_WARN_64_TO_32_BIT_CONVERSION = YES;
				GCC_WARN_ABOUT_RETURN_TYPE = YES_ERROR;
				GCC_WARN_UNDECLARED_SELECTOR = YES;
				GCC_WARN_UNINITIALIZED_AUTOS = YES_AGGRESSIVE;
				GCC_WARN_UNUSED_FUNCTION = YES;
				GCC_WARN_UNUSED_VARIABLE = YES;
				IPHONEOS_DEPLOYMENT_TARGET = 17.4;
				LOCALIZATION_PREFERS_STRING_CATALOGS = YES;
				MTL_ENABLE_DEBUG_INFO = INCLUDE_SOURCE;
				MTL_FAST_MATH = YES;
				ONLY_ACTIVE_ARCH = YES;
				SDKROOT = iphoneos;
				SWIFT_ACTIVE_COMPILATION_CONDITIONS = "DEBUG $(inherited)";
				SWIFT_OPTIMIZATION_LEVEL = "-Onone";
			};
			name = Debug;
		};
		8FC027092BDE58AD00755C56 /* Release */ = {
			isa = XCBuildConfiguration;
			buildSettings = {
				ALWAYS_SEARCH_USER_PATHS = NO;
				ASSETCATALOG_COMPILER_GENERATE_SWIFT_ASSET_SYMBOL_EXTENSIONS = YES;
				CLANG_ANALYZER_NONNULL = YES;
				CLANG_ANALYZER_NUMBER_OBJECT_CONVERSION = YES_AGGRESSIVE;
				CLANG_CXX_LANGUAGE_STANDARD = "gnu++20";
				CLANG_ENABLE_MODULES = YES;
				CLANG_ENABLE_OBJC_ARC = YES;
				CLANG_ENABLE_OBJC_WEAK = YES;
				CLANG_WARN_BLOCK_CAPTURE_AUTORELEASING = YES;
				CLANG_WARN_BOOL_CONVERSION = YES;
				CLANG_WARN_COMMA = YES;
				CLANG_WARN_CONSTANT_CONVERSION = YES;
				CLANG_WARN_DEPRECATED_OBJC_IMPLEMENTATIONS = YES;
				CLANG_WARN_DIRECT_OBJC_ISA_USAGE = YES_ERROR;
				CLANG_WARN_DOCUMENTATION_COMMENTS = YES;
				CLANG_WARN_EMPTY_BODY = YES;
				CLANG_WARN_ENUM_CONVERSION = YES;
				CLANG_WARN_INFINITE_RECURSION = YES;
				CLANG_WARN_INT_CONVERSION = YES;
				CLANG_WARN_NON_LITERAL_NULL_CONVERSION = YES;
				CLANG_WARN_OBJC_IMPLICIT_RETAIN_SELF = YES;
				CLANG_WARN_OBJC_LITERAL_CONVERSION = YES;
				CLANG_WARN_OBJC_ROOT_CLASS = YES_ERROR;
				CLANG_WARN_QUOTED_INCLUDE_IN_FRAMEWORK_HEADER = YES;
				CLANG_WARN_RANGE_LOOP_ANALYSIS = YES;
				CLANG_WARN_STRICT_PROTOTYPES = YES;
				CLANG_WARN_SUSPICIOUS_MOVE = YES;
				CLANG_WARN_UNGUARDED_AVAILABILITY = YES_AGGRESSIVE;
				CLANG_WARN_UNREACHABLE_CODE = YES;
				CLANG_WARN__DUPLICATE_METHOD_MATCH = YES;
				COPY_PHASE_STRIP = NO;
				DEBUG_INFORMATION_FORMAT = "dwarf-with-dsym";
				ENABLE_NS_ASSERTIONS = NO;
				ENABLE_STRICT_OBJC_MSGSEND = YES;
				ENABLE_USER_SCRIPT_SANDBOXING = YES;
				GCC_C_LANGUAGE_STANDARD = gnu17;
				GCC_NO_COMMON_BLOCKS = YES;
				GCC_WARN_64_TO_32_BIT_CONVERSION = YES;
				GCC_WARN_ABOUT_RETURN_TYPE = YES_ERROR;
				GCC_WARN_UNDECLARED_SELECTOR = YES;
				GCC_WARN_UNINITIALIZED_AUTOS = YES_AGGRESSIVE;
				GCC_WARN_UNUSED_FUNCTION = YES;
				GCC_WARN_UNUSED_VARIABLE = YES;
				IPHONEOS_DEPLOYMENT_TARGET = 17.4;
				LOCALIZATION_PREFERS_STRING_CATALOGS = YES;
				MTL_ENABLE_DEBUG_INFO = NO;
				MTL_FAST_MATH = YES;
				SDKROOT = iphoneos;
				SWIFT_COMPILATION_MODE = wholemodule;
				VALIDATE_PRODUCT = YES;
			};
			name = Release;
		};
		8FC0270B2BDE58AD00755C56 /* Debug */ = {
			isa = XCBuildConfiguration;
			buildSettings = {
				ASSETCATALOG_COMPILER_APPICON_NAME = AppIcon;
				ASSETCATALOG_COMPILER_GLOBAL_ACCENT_COLOR_NAME = AccentColor;
				CODE_SIGN_STYLE = Automatic;
				CURRENT_PROJECT_VERSION = 1;
				DEVELOPMENT_ASSET_PATHS = "\"GymFun/Preview Content\"";
				DEVELOPMENT_TEAM = A23N5QDWR3;
				ENABLE_PREVIEWS = YES;
				GENERATE_INFOPLIST_FILE = YES;
				INFOPLIST_FILE = GymFun/Info.plist;
				INFOPLIST_KEY_UIApplicationSceneManifest_Generation = YES;
				INFOPLIST_KEY_UIApplicationSupportsIndirectInputEvents = YES;
				INFOPLIST_KEY_UILaunchScreen_Generation = YES;
				INFOPLIST_KEY_UISupportedInterfaceOrientations_iPad = "UIInterfaceOrientationPortrait UIInterfaceOrientationPortraitUpsideDown UIInterfaceOrientationLandscapeLeft UIInterfaceOrientationLandscapeRight";
				INFOPLIST_KEY_UISupportedInterfaceOrientations_iPhone = "UIInterfaceOrientationPortrait UIInterfaceOrientationLandscapeLeft UIInterfaceOrientationLandscapeRight";
				LD_RUNPATH_SEARCH_PATHS = (
					"$(inherited)",
					"@executable_path/Frameworks",
				);
				MARKETING_VERSION = 1.0;
				PRODUCT_BUNDLE_IDENTIFIER = ranggabiner.com.GymFun;
				PRODUCT_NAME = "$(TARGET_NAME)";
				SWIFT_EMIT_LOC_STRINGS = YES;
				SWIFT_VERSION = 5.0;
				TARGETED_DEVICE_FAMILY = "1,2";
			};
			name = Debug;
		};
		8FC0270C2BDE58AD00755C56 /* Release */ = {
			isa = XCBuildConfiguration;
			buildSettings = {
				ASSETCATALOG_COMPILER_APPICON_NAME = AppIcon;
				ASSETCATALOG_COMPILER_GLOBAL_ACCENT_COLOR_NAME = AccentColor;
				CODE_SIGN_STYLE = Automatic;
				CURRENT_PROJECT_VERSION = 1;
				DEVELOPMENT_ASSET_PATHS = "\"GymFun/Preview Content\"";
				DEVELOPMENT_TEAM = A23N5QDWR3;
				ENABLE_PREVIEWS = YES;
				GENERATE_INFOPLIST_FILE = YES;
				INFOPLIST_FILE = GymFun/Info.plist;
				INFOPLIST_KEY_UIApplicationSceneManifest_Generation = YES;
				INFOPLIST_KEY_UIApplicationSupportsIndirectInputEvents = YES;
				INFOPLIST_KEY_UILaunchScreen_Generation = YES;
				INFOPLIST_KEY_UISupportedInterfaceOrientations_iPad = "UIInterfaceOrientationPortrait UIInterfaceOrientationPortraitUpsideDown UIInterfaceOrientationLandscapeLeft UIInterfaceOrientationLandscapeRight";
				INFOPLIST_KEY_UISupportedInterfaceOrientations_iPhone = "UIInterfaceOrientationPortrait UIInterfaceOrientationLandscapeLeft UIInterfaceOrientationLandscapeRight";
				LD_RUNPATH_SEARCH_PATHS = (
					"$(inherited)",
					"@executable_path/Frameworks",
				);
				MARKETING_VERSION = 1.0;
				PRODUCT_BUNDLE_IDENTIFIER = ranggabiner.com.GymFun;
				PRODUCT_NAME = "$(TARGET_NAME)";
				SWIFT_EMIT_LOC_STRINGS = YES;
				SWIFT_VERSION = 5.0;
				TARGETED_DEVICE_FAMILY = "1,2";
			};
			name = Release;
		};
/* End XCBuildConfiguration section */

/* Begin XCConfigurationList section */
		8FC026F72BDE58AC00755C56 /* Build configuration list for PBXProject "GymFun" */ = {
			isa = XCConfigurationList;
			buildConfigurations = (
				8FC027082BDE58AD00755C56 /* Debug */,
				8FC027092BDE58AD00755C56 /* Release */,
			);
			defaultConfigurationIsVisible = 0;
			defaultConfigurationName = Release;
		};
		8FC0270A2BDE58AD00755C56 /* Build configuration list for PBXNativeTarget "GymFun" */ = {
			isa = XCConfigurationList;
			buildConfigurations = (
				8FC0270B2BDE58AD00755C56 /* Debug */,
				8FC0270C2BDE58AD00755C56 /* Release */,
			);
			defaultConfigurationIsVisible = 0;
			defaultConfigurationName = Release;
		};
/* End XCConfigurationList section */

/* Begin XCRemoteSwiftPackageReference section */
		8F136DFF2BDE6ADE008925F2 /* XCRemoteSwiftPackageReference "lottie-ios" */ = {
			isa = XCRemoteSwiftPackageReference;
			repositoryURL = "https://github.com/airbnb/lottie-ios.git";
			requirement = {
				kind = upToNextMajorVersion;
				minimumVersion = 4.4.3;
			};
		};
		8FC027112BDE593E00755C56 /* XCRemoteSwiftPackageReference "swift-async-algorithms" */ = {
			isa = XCRemoteSwiftPackageReference;
			repositoryURL = "https://github.com/apple/swift-async-algorithms.git";
			requirement = {
				kind = upToNextMajorVersion;
				minimumVersion = 1.0.0;
			};
		};
/* End XCRemoteSwiftPackageReference section */

/* Begin XCSwiftPackageProductDependency section */
		8F136E002BDE6ADE008925F2 /* Lottie */ = {
			isa = XCSwiftPackageProductDependency;
			package = 8F136DFF2BDE6ADE008925F2 /* XCRemoteSwiftPackageReference "lottie-ios" */;
			productName = Lottie;
		};
		8FC027122BDE593E00755C56 /* AsyncAlgorithms */ = {
			isa = XCSwiftPackageProductDependency;
			package = 8FC027112BDE593E00755C56 /* XCRemoteSwiftPackageReference "swift-async-algorithms" */;
			productName = AsyncAlgorithms;
		};
/* End XCSwiftPackageProductDependency section */
	};
	rootObject = 8FC026F42BDE58AC00755C56 /* Project object */;
}
